<Project xmlns="http://schemas.microsoft.com/developer/msbuild/2003">
    <PropertyGroup>
        <ProjectGuid>{B2C3D4E5-F6A7-8901-BCDE-F12345678901}</ProjectGuid>
        <MainSource>DeepFrames.Tests.dpr</MainSource>
        <Base>True</Base>
        <Config Condition="'$(Config)'==''">Debug</Config>
        <ProjectName Condition="'$(ProjectName)'==''">DeepFrames.Tests</ProjectName>
        <TargetedPlatforms>3</TargetedPlatforms>
        <AppType>Console</AppType>
        <ProjectVersion>12.0</ProjectVersion>
        <Platform Condition="'$(Platform)'==''">Win64</Platform>
    </PropertyGroup>
    <PropertyGroup Condition="'$(Config)'=='Base' or '$(Base)'!=''">
        <Base>true</Base>
        <DCC_UnitSearchPath>..\src\App;..\src\UI;..\src\Domain;..\src\Persistence;..\src\Workflow;..\src\Shared;..\src\Provider;..\..\..\02Business\DeepBase\Core;..\..\..\02Business\DeepBase\VCL;..\..\..\02Business\DeepBase\Persistence;..\..\..\02Business\DeepBase\Features;..\..\..\02Business\DeepBase\Governance;..\..\..\02Business\DeepBase\Libs;$(DCC_UnitSearchPath)</DCC_UnitSearchPath>
    </PropertyGroup>
    <PropertyGroup Condition="'$(Config)'=='Debug' or '$(Cfg_2)'!=''">
        <Cfg_2>true</Cfg_2>
        <CfgParent>Base</CfgParent>
        <Base>true</Base>
    </PropertyGroup>
    <ItemGroup>
        <DelphiCompile Include="$(MainSource)">
            <MainSource>MainSource</MainSource>
        </DelphiCompile>
        <DCCReference Include="DeepFrames.Tests.Core.pas"/>
    </ItemGroup>
</Project>